
Microsoft Visual Studio Solution File, Format Version 12.00
# Visual Studio 15
VisualStudioVersion = 15.0.28307.271
MinimumVisualStudioVersion = 10.0.40219.1
Project("{FAE04EC0-301F-11D3-BF4B-00C04F79EFBC}") = "OnlineShop", "OnlineShop\OnlineShop.csproj", "{394C1536-59FE-44E4-9B4C-882A894DDA57}"
EndProject
Global
	GlobalSection(SolutionConfigurationPlatforms) = preSolution
		Debug|Any CPU = Debug|Any CPU
		Release|Any CPU = Release|Any CPU
	EndGlobalSection
	GlobalSection(ProjectConfigurationPlatforms) = postSolution
		{394C1536-59FE-44E4-9B4C-882A894DDA57}.Debug|Any CPU.ActiveCfg = Debug|Any CPU
		{394C1536-59FE-44E4-9B4C-882A894DDA57}.Debug|Any CPU.Build.0 = Debug|Any CPU
		{394C1536-59FE-44E4-9B4C-882A894DDA57}.Release|Any CPU.ActiveCfg = Release|Any CPU
		{394C1536-59FE-44E4-9B4C-882A894DDA57}.Release|Any CPU.Build.0 = Release|Any CPU
	EndGlobalSection
	GlobalSection(SolutionProperties) = preSolution
		HideSolutionNode = FALSE
	EndGlobalSection
	GlobalSection(ExtensibilityGlobals) = postSolution
		SolutionGuid = {E5CD9A68-FECF-492E-8FA2-1593777A2EB1}
	EndGlobalSection
EndGlobal
